
Microsoft Visual Studio Solution File, Format Version 12.00
# Visual Studio Version 16
VisualStudioVersion = 16.0.31729.503
MinimumVisualStudioVersion = 10.0.40219.1
Project("{FAE04EC0-301F-11D3-BF4B-00C04F79EFBC}") = "MyFirstApp", "MyFirstApp.csproj", "{3910970D-6468-42A6-8197-D3EB057F45E7}"
EndProject
Global
	GlobalSection(SolutionConfigurationPlatforms) = preSolution
		Debug|Any CPU = Debug|Any CPU
		Release|Any CPU = Release|Any CPU
	EndGlobalSection
	GlobalSection(ProjectConfigurationPlatforms) = postSolution
		{3910970D-6468-42A6-8197-D3EB057F45E7}.Debug|Any CPU.ActiveCfg = Debug|Any CPU
		{3910970D-6468-42A6-8197-D3EB057F45E7}.Debug|Any CPU.Build.0 = Debug|Any CPU
		{3910970D-6468-42A6-8197-D3EB057F45E7}.Release|Any CPU.ActiveCfg = Release|Any CPU
		{3910970D-6468-42A6-8197-D3EB057F45E7}.Release|Any CPU.Build.0 = Release|Any CPU
	EndGlobalSection
	GlobalSection(SolutionProperties) = preSolution
		HideSolutionNode = FALSE
	EndGlobalSection
	GlobalSection(ExtensibilityGlobals) = postSolution
		SolutionGuid = {4DDE81BE-6A18-410B-95E6-991EEF25328C}
	EndGlobalSection
EndGlobal
